
Microsoft Visual Studio Solution File, Format Version 12.00
# Visual Studio 15
VisualStudioVersion = 15.0.28010.2036
MinimumVisualStudioVersion = 10.0.40219.1
Project("{FAE04EC0-301F-11D3-BF4B-00C04F79EFBC}") = "SuggestToSocialApp.WebUI", "SuggestToSocialApp.WebUI\SuggestToSocialApp.WebUI.csproj", "{8801664C-EA91-401A-83AA-2B361549A939}"
EndProject
Global
	GlobalSection(SolutionConfigurationPlatforms) = preSolution
		Debug|Any CPU = Debug|Any CPU
		Release|Any CPU = Release|Any CPU
	EndGlobalSection
	GlobalSection(ProjectConfigurationPlatforms) = postSolution
		{8801664C-EA91-401A-83AA-2B361549A939}.Debug|Any CPU.ActiveCfg = Debug|Any CPU
		{8801664C-EA91-401A-83AA-2B361549A939}.Debug|Any CPU.Build.0 = Debug|Any CPU
		{8801664C-EA91-401A-83AA-2B361549A939}.Release|Any CPU.ActiveCfg = Release|Any CPU
		{8801664C-EA91-401A-83AA-2B361549A939}.Release|Any CPU.Build.0 = Release|Any CPU
	EndGlobalSection
	GlobalSection(SolutionProperties) = preSolution
		HideSolutionNode = FALSE
	EndGlobalSection
	GlobalSection(ExtensibilityGlobals) = postSolution
		SolutionGuid = {B686AE49-E8C0-493C-9170-032B44FB48B1}
	EndGlobalSection
EndGlobal
